
Microsoft Visual Studio Solution File, Format Version 12.00
# Visual Studio Version 16
VisualStudioVersion = 16.0.30002.166
MinimumVisualStudioVersion = 10.0.40219.1
Project("{9A19103F-16F7-4668-BE54-9A1E7A4F7556}") = "NoIoC.NoDIP", "NoIoC.NoDIP\NoIoC.NoDIP.csproj", "{4428127B-C28A-4CFB-8207-6EDF0A74DC8E}"
EndProject
Project("{9A19103F-16F7-4668-BE54-9A1E7A4F7556}") = "IoCwFactoryPattern", "IoCwFactoryPattern\IoCwFactoryPattern.csproj", "{0621C6FB-ADE5-4298-A24C-FE3DBEE76D59}"
EndProject
Project("{9A19103F-16F7-4668-BE54-9A1E7A4F7556}") = "DIPoverCustomerBussinesLogicClass", "DIPoverCustomerBussinesLogicClass\DIPoverCustomerBussinesLogicClass.csproj", "{1E3CBB00-839B-44D9-9CD7-7DD46D4C9660}"
EndProject
Project("{9A19103F-16F7-4668-BE54-9A1E7A4F7556}") = "DIAndStrategyPattern", "DIAndStrategyPattern\DIAndStrategyPattern.csproj", "{1E079E90-325C-4E08-8D6C-96CD5211EBAE}"
EndProject
Project("{FAE04EC0-301F-11D3-BF4B-00C04F79EFBC}") = "IoC.DI.w.Unity", "IoC.DI.w.Unity\IoC.DI.w.Unity.csproj", "{3CC93F29-D53B-4C54-BE79-B41C428500C7}"
EndProject
Global
	GlobalSection(SolutionConfigurationPlatforms) = preSolution
		Debug|Any CPU = Debug|Any CPU
		Release|Any CPU = Release|Any CPU
	EndGlobalSection
	GlobalSection(ProjectConfigurationPlatforms) = postSolution
		{4428127B-C28A-4CFB-8207-6EDF0A74DC8E}.Debug|Any CPU.ActiveCfg = Debug|Any CPU
		{4428127B-C28A-4CFB-8207-6EDF0A74DC8E}.Debug|Any CPU.Build.0 = Debug|Any CPU
		{4428127B-C28A-4CFB-8207-6EDF0A74DC8E}.Release|Any CPU.ActiveCfg = Release|Any CPU
		{4428127B-C28A-4CFB-8207-6EDF0A74DC8E}.Release|Any CPU.Build.0 = Release|Any CPU
		{0621C6FB-ADE5-4298-A24C-FE3DBEE76D59}.Debug|Any CPU.ActiveCfg = Debug|Any CPU
		{0621C6FB-ADE5-4298-A24C-FE3DBEE76D59}.Debug|Any CPU.Build.0 = Debug|Any CPU
		{0621C6FB-ADE5-4298-A24C-FE3DBEE76D59}.Release|Any CPU.ActiveCfg = Release|Any CPU
		{0621C6FB-ADE5-4298-A24C-FE3DBEE76D59}.Release|Any CPU.Build.0 = Release|Any CPU
		{1E3CBB00-839B-44D9-9CD7-7DD46D4C9660}.Debug|Any CPU.ActiveCfg = Debug|Any CPU
		{1E3CBB00-839B-44D9-9CD7-7DD46D4C9660}.Debug|Any CPU.Build.0 = Debug|Any CPU
		{1E3CBB00-839B-44D9-9CD7-7DD46D4C9660}.Release|Any CPU.ActiveCfg = Release|Any CPU
		{1E3CBB00-839B-44D9-9CD7-7DD46D4C9660}.Release|Any CPU.Build.0 = Release|Any CPU
		{1E079E90-325C-4E08-8D6C-96CD5211EBAE}.Debug|Any CPU.ActiveCfg = Debug|Any CPU
		{1E079E90-325C-4E08-8D6C-96CD5211EBAE}.Debug|Any CPU.Build.0 = Debug|Any CPU
		{1E079E90-325C-4E08-8D6C-96CD5211EBAE}.Release|Any CPU.ActiveCfg = Release|Any CPU
		{1E079E90-325C-4E08-8D6C-96CD5211EBAE}.Release|Any CPU.Build.0 = Release|Any CPU
		{3CC93F29-D53B-4C54-BE79-B41C428500C7}.Debug|Any CPU.ActiveCfg = Debug|Any CPU
		{3CC93F29-D53B-4C54-BE79-B41C428500C7}.Debug|Any CPU.Build.0 = Debug|Any CPU
		{3CC93F29-D53B-4C54-BE79-B41C428500C7}.Release|Any CPU.ActiveCfg = Release|Any CPU
		{3CC93F29-D53B-4C54-BE79-B41C428500C7}.Release|Any CPU.Build.0 = Release|Any CPU
	EndGlobalSection
	GlobalSection(SolutionProperties) = preSolution
		HideSolutionNode = FALSE
	EndGlobalSection
	GlobalSection(ExtensibilityGlobals) = postSolution
		SolutionGuid = {8E78232A-9F3C-4FBD-8460-877ED6F6411B}
	EndGlobalSection
EndGlobal
